
Microsoft Visual Studio Solution File, Format Version 12.00
Project("{FAE04EC0-301F-11D3-BF4B-00C04F79EFBC}") = "PocketResizer", "PocketResizer.csproj", "{4855023E-3DEC-43A6-BA4B-9E5578E0217B}"
EndProject
Global
	GlobalSection(SolutionConfigurationPlatforms) = preSolution
		Debug|Any CPU = Debug|Any CPU
		Release|Any CPU = Release|Any CPU
	EndGlobalSection
	GlobalSection(ProjectConfigurationPlatforms) = postSolution
		{4855023E-3DEC-43A6-BA4B-9E5578E0217B}.Debug|Any CPU.ActiveCfg = Debug|Any CPU
		{4855023E-3DEC-43A6-BA4B-9E5578E0217B}.Debug|Any CPU.Build.0 = Debug|Any CPU
		{4855023E-3DEC-43A6-BA4B-9E5578E0217B}.Release|Any CPU.ActiveCfg = Release|Any CPU
		{4855023E-3DEC-43A6-BA4B-9E5578E0217B}.Release|Any CPU.Build.0 = Release|Any CPU
	EndGlobalSection
EndGlobal
